
Microsoft Visual Studio Solution File, Format Version 12.00
# Visual Studio Version 16
VisualStudioVersion = 16.0.30128.74
MinimumVisualStudioVersion = 10.0.40219.1
Project("{FAE04EC0-301F-11D3-BF4B-00C04F79EFBC}") = "Fidea", "Fidea\Fidea.csproj", "{8806350E-1D81-4C36-A8CA-C1B4E392FE42}"
EndProject
Global
	GlobalSection(SolutionConfigurationPlatforms) = preSolution
		Debug|Any CPU = Debug|Any CPU
		Release|Any CPU = Release|Any CPU
	EndGlobalSection
	GlobalSection(ProjectConfigurationPlatforms) = postSolution
		{8806350E-1D81-4C36-A8CA-C1B4E392FE42}.Debug|Any CPU.ActiveCfg = Debug|Any CPU
		{8806350E-1D81-4C36-A8CA-C1B4E392FE42}.Debug|Any CPU.Build.0 = Debug|Any CPU
		{8806350E-1D81-4C36-A8CA-C1B4E392FE42}.Release|Any CPU.ActiveCfg = Release|Any CPU
		{8806350E-1D81-4C36-A8CA-C1B4E392FE42}.Release|Any CPU.Build.0 = Release|Any CPU
	EndGlobalSection
	GlobalSection(SolutionProperties) = preSolution
		HideSolutionNode = FALSE
	EndGlobalSection
	GlobalSection(ExtensibilityGlobals) = postSolution
		SolutionGuid = {19BDDBCC-359E-4660-B926-BD5B376E733D}
	EndGlobalSection
EndGlobal
